
Microsoft Visual Studio Solution File, Format Version 12.00
# Visual Studio Version 17
VisualStudioVersion = 17.4.33122.133
MinimumVisualStudioVersion = 10.0.40219.1
Project("{9A19103F-16F7-4668-BE54-9A1E7A4F7556}") = "dotnet-training", "dotnet-training\dotnet-training.csproj", "{D4224B29-C9CE-49B5-AD26-08BB4480B2E4}"
EndProject
Project("{FAE04EC0-301F-11D3-BF4B-00C04F79EFBC}") = "Travlr.Basic", "Travlr.Basic\Travlr.Basic.csproj", "{2B6D16F2-25E9-4464-AB03-C41BFCD05829}"
EndProject
Global
	GlobalSection(SolutionConfigurationPlatforms) = preSolution
		Debug|Any CPU = Debug|Any CPU
		Release|Any CPU = Release|Any CPU
	EndGlobalSection
	GlobalSection(ProjectConfigurationPlatforms) = postSolution
		{D4224B29-C9CE-49B5-AD26-08BB4480B2E4}.Debug|Any CPU.ActiveCfg = Debug|Any CPU
		{D4224B29-C9CE-49B5-AD26-08BB4480B2E4}.Debug|Any CPU.Build.0 = Debug|Any CPU
		{D4224B29-C9CE-49B5-AD26-08BB4480B2E4}.Release|Any CPU.ActiveCfg = Release|Any CPU
		{D4224B29-C9CE-49B5-AD26-08BB4480B2E4}.Release|Any CPU.Build.0 = Release|Any CPU
		{2B6D16F2-25E9-4464-AB03-C41BFCD05829}.Debug|Any CPU.ActiveCfg = Debug|Any CPU
		{2B6D16F2-25E9-4464-AB03-C41BFCD05829}.Debug|Any CPU.Build.0 = Debug|Any CPU
		{2B6D16F2-25E9-4464-AB03-C41BFCD05829}.Release|Any CPU.ActiveCfg = Release|Any CPU
		{2B6D16F2-25E9-4464-AB03-C41BFCD05829}.Release|Any CPU.Build.0 = Release|Any CPU
	EndGlobalSection
	GlobalSection(SolutionProperties) = preSolution
		HideSolutionNode = FALSE
	EndGlobalSection
	GlobalSection(ExtensibilityGlobals) = postSolution
		SolutionGuid = {ACE2A5CD-B43F-476C-AA1F-69DC9C55A00B}
	EndGlobalSection
EndGlobal
